
Microsoft Visual Studio Solution File, Format Version 12.00
# Visual Studio Version 17
VisualStudioVersion = 17.9.34701.34
MinimumVisualStudioVersion = 10.0.40219.1
Project("{FAE04EC0-301F-11D3-BF4B-00C04F79EFBC}") = "DominoChainApplication", "DominoChainApplication\DominoChainApplication.csproj", "{56BA4FBB-0B92-48F9-B1F8-7BECD822A0B3}"
EndProject
Global
	GlobalSection(SolutionConfigurationPlatforms) = preSolution
		Debug|Any CPU = Debug|Any CPU
		Release|Any CPU = Release|Any CPU
	EndGlobalSection
	GlobalSection(ProjectConfigurationPlatforms) = postSolution
		{56BA4FBB-0B92-48F9-B1F8-7BECD822A0B3}.Debug|Any CPU.ActiveCfg = Debug|Any CPU
		{56BA4FBB-0B92-48F9-B1F8-7BECD822A0B3}.Debug|Any CPU.Build.0 = Debug|Any CPU
		{56BA4FBB-0B92-48F9-B1F8-7BECD822A0B3}.Release|Any CPU.ActiveCfg = Release|Any CPU
		{56BA4FBB-0B92-48F9-B1F8-7BECD822A0B3}.Release|Any CPU.Build.0 = Release|Any CPU
	EndGlobalSection
	GlobalSection(SolutionProperties) = preSolution
		HideSolutionNode = FALSE
	EndGlobalSection
	GlobalSection(ExtensibilityGlobals) = postSolution
		SolutionGuid = {A678C810-A9E2-4652-9D7D-6B786ED0BA0B}
	EndGlobalSection
EndGlobal
